// !$*UTF8*$!
{
	archiveVersion = 1;
	classes = {
	};
	objectVersion = 46;
	objects = {

/* Begin PBXBuildFile section */
		65144413F5A2361A790FEBF4 /* Pods_Phoenix_PhoenixTests.framework in Frameworks */ = {isa = PBXBuildFile; fileRef = 30F6748F325CCAA5A79CD2E3 /* Pods_Phoenix_PhoenixTests.framework */; };
		C16D8A5E3AB68E6AA4C130D6 /* Pods_Phoenix.framework in Frameworks */ = {isa = PBXBuildFile; fileRef = 4A40D8C3D9A325766A77DEF7 /* Pods_Phoenix.framework */; };
		E117BFF2224EAB16F32C0564 /* Pods_PhoenixTests.framework in Frameworks */ = {isa = PBXBuildFile; fileRef = A697B409F2775FAB3BC34A0B /* Pods_PhoenixTests.framework */; };
		FA2362021E310E58009E5979 /* AppDelegate.swift in Sources */ = {isa = PBXBuildFile; fileRef = FA2362011E310E58009E5979 /* AppDelegate.swift */; };
		FA2362071E310E58009E5979 /* Main.storyboard in Resources */ = {isa = PBXBuildFile; fileRef = FA2362051E310E58009E5979 /* Main.storyboard */; };
		FA2362091E310E58009E5979 /* Assets.xcassets in Resources */ = {isa = PBXBuildFile; fileRef = FA2362081E310E58009E5979 /* Assets.xcassets */; };
		FA23620C1E310E58009E5979 /* LaunchScreen.storyboard in Resources */ = {isa = PBXBuildFile; fileRef = FA23620A1E310E58009E5979 /* LaunchScreen.storyboard */; };
		FA2362171E310E58009E5979 /* PhoenixTests.swift in Sources */ = {isa = PBXBuildFile; fileRef = FA2362161E310E58009E5979 /* PhoenixTests.swift */; };
		FA83D7EC1E627B790040AC15 /* RouteManager.swift in Sources */ = {isa = PBXBuildFile; fileRef = FA83D7EB1E627B790040AC15 /* RouteManager.swift */; };
		FA83D7EE1E627D920040AC15 /* Keys.swift in Sources */ = {isa = PBXBuildFile; fileRef = FA83D7ED1E627D920040AC15 /* Keys.swift */; };
/* End PBXBuildFile section */

/* Begin PBXContainerItemProxy section */
		FA2362131E310E58009E5979 /* PBXContainerItemProxy */ = {
			isa = PBXContainerItemProxy;
			containerPortal = FA2361F61E310E57009E5979 /* Project object */;
			proxyType = 1;
			remoteGlobalIDString = FA2361FD1E310E57009E5979;
			remoteInfo = Phoenix;
		};
/* End PBXContainerItemProxy section */

/* Begin PBXFileReference section */
		30F6748F325CCAA5A79CD2E3 /* Pods_Phoenix_PhoenixTests.framework */ = {isa = PBXFileReference; explicitFileType = wrapper.framework; includeInIndex = 0; path = Pods_Phoenix_PhoenixTests.framework; sourceTree = BUILT_PRODUCTS_DIR; };
		4A40D8C3D9A325766A77DEF7 /* Pods_Phoenix.framework */ = {isa = PBXFileReference; explicitFileType = wrapper.framework; includeInIndex = 0; path = Pods_Phoenix.framework; sourceTree = BUILT_PRODUCTS_DIR; };
		5C553B989DFA4219B17ED2C7 /* Pods-PhoenixTests.debug.xcconfig */ = {isa = PBXFileReference; includeInIndex = 1; lastKnownFileType = text.xcconfig; name = "Pods-PhoenixTests.debug.xcconfig"; path = "Pods/Target Support Files/Pods-PhoenixTests/Pods-PhoenixTests.debug.xcconfig"; sourceTree = "<group>"; };
		85AA3295D6806B4B52794AD6 /* Pods-Phoenix.debug.xcconfig */ = {isa = PBXFileReference; includeInIndex = 1; lastKnownFileType = text.xcconfig; name = "Pods-Phoenix.debug.xcconfig"; path = "Pods/Target Support Files/Pods-Phoenix/Pods-Phoenix.debug.xcconfig"; sourceTree = "<group>"; };
		8CDBDA4770CDCF445B045810 /* Pods-Phoenix.release.xcconfig */ = {isa = PBXFileReference; includeInIndex = 1; lastKnownFileType = text.xcconfig; name = "Pods-Phoenix.release.xcconfig"; path = "Pods/Target Support Files/Pods-Phoenix/Pods-Phoenix.release.xcconfig"; sourceTree = "<group>"; };
		A697B409F2775FAB3BC34A0B /* Pods_PhoenixTests.framework */ = {isa = PBXFileReference; explicitFileType = wrapper.framework; includeInIndex = 0; path = Pods_PhoenixTests.framework; sourceTree = BUILT_PRODUCTS_DIR; };
		B76B23F2865B9422A60EFA93 /* Pods-Phoenix-PhoenixTests.release.xcconfig */ = {isa = PBXFileReference; includeInIndex = 1; lastKnownFileType = text.xcconfig; name = "Pods-Phoenix-PhoenixTests.release.xcconfig"; path = "Pods/Target Support Files/Pods-Phoenix-PhoenixTests/Pods-Phoenix-PhoenixTests.release.xcconfig"; sourceTree = "<group>"; };
		B80FA4FC93E11C15A4138E83 /* Pods-PhoenixTests.release.xcconfig */ = {isa = PBXFileReference; includeInIndex = 1; lastKnownFileType = text.xcconfig; name = "Pods-PhoenixTests.release.xcconfig"; path = "Pods/Target Support Files/Pods-PhoenixTests/Pods-PhoenixTests.release.xcconfig"; sourceTree = "<group>"; };
		FA2361FE1E310E58009E5979 /* Phoenix.app */ = {isa = PBXFileReference; explicitFileType = wrapper.application; includeInIndex = 0; path = Phoenix.app; sourceTree = BUILT_PRODUCTS_DIR; };
		FA2362011E310E58009E5979 /* AppDelegate.swift */ = {isa = PBXFileReference; lastKnownFileType = sourcecode.swift; path = AppDelegate.swift; sourceTree = "<group>"; };
		FA2362061E310E58009E5979 /* Base */ = {isa = PBXFileReference; lastKnownFileType = file.storyboard; name = Base; path = Base.lproj/Main.storyboard; sourceTree = "<group>"; };
		FA2362081E310E58009E5979 /* Assets.xcassets */ = {isa = PBXFileReference; lastKnownFileType = folder.assetcatalog; path = Assets.xcassets; sourceTree = "<group>"; };
		FA23620B1E310E58009E5979 /* Base */ = {isa = PBXFileReference; lastKnownFileType = file.storyboard; name = Base; path = Base.lproj/LaunchScreen.storyboard; sourceTree = "<group>"; };
		FA23620D1E310E58009E5979 /* Info.plist */ = {isa = PBXFileReference; lastKnownFileType = text.plist.xml; path = Info.plist; sourceTree = "<group>"; };
		FA2362121E310E58009E5979 /* PhoenixTests.xctest */ = {isa = PBXFileReference; explicitFileType = wrapper.cfbundle; includeInIndex = 0; path = PhoenixTests.xctest; sourceTree = BUILT_PRODUCTS_DIR; };
		FA2362161E310E58009E5979 /* PhoenixTests.swift */ = {isa = PBXFileReference; lastKnownFileType = sourcecode.swift; path = PhoenixTests.swift; sourceTree = "<group>"; };
		FA2362181E310E58009E5979 /* Info.plist */ = {isa = PBXFileReference; lastKnownFileType = text.plist.xml; path = Info.plist; sourceTree = "<group>"; };
		FA83D7EB1E627B790040AC15 /* RouteManager.swift */ = {isa = PBXFileReference; fileEncoding = 4; lastKnownFileType = sourcecode.swift; path = RouteManager.swift; sourceTree = "<group>"; };
		FA83D7ED1E627D920040AC15 /* Keys.swift */ = {isa = PBXFileReference; fileEncoding = 4; lastKnownFileType = sourcecode.swift; path = Keys.swift; sourceTree = "<group>"; };
		FB3C1C33AE9605C2C6CB7AAA /* Pods-Phoenix-PhoenixTests.debug.xcconfig */ = {isa = PBXFileReference; includeInIndex = 1; lastKnownFileType = text.xcconfig; name = "Pods-Phoenix-PhoenixTests.debug.xcconfig"; path = "Pods/Target Support Files/Pods-Phoenix-PhoenixTests/Pods-Phoenix-PhoenixTests.debug.xcconfig"; sourceTree = "<group>"; };
/* End PBXFileReference section */

/* Begin PBXFrameworksBuildPhase section */
		FA2361FB1E310E57009E5979 /* Frameworks */ = {
			isa = PBXFrameworksBuildPhase;
			buildActionMask = 2147483647;
			files = (
				C16D8A5E3AB68E6AA4C130D6 /* Pods_Phoenix.framework in Frameworks */,
			);
			runOnlyForDeploymentPostprocessing = 0;
		};
		FA23620F1E310E58009E5979 /* Frameworks */ = {
			isa = PBXFrameworksBuildPhase;
			buildActionMask = 2147483647;
			files = (
				65144413F5A2361A790FEBF4 /* Pods_Phoenix_PhoenixTests.framework in Frameworks */,
				E117BFF2224EAB16F32C0564 /* Pods_PhoenixTests.framework in Frameworks */,
			);
			runOnlyForDeploymentPostprocessing = 0;
		};
/* End PBXFrameworksBuildPhase section */

/* Begin PBXGroup section */
		32DFBC8172ACA759E7FE61F1 /* Pods */ = {
			isa = PBXGroup;
			children = (
				85AA3295D6806B4B52794AD6 /* Pods-Phoenix.debug.xcconfig */,
				8CDBDA4770CDCF445B045810 /* Pods-Phoenix.release.xcconfig */,
				FB3C1C33AE9605C2C6CB7AAA /* Pods-Phoenix-PhoenixTests.debug.xcconfig */,
				B76B23F2865B9422A60EFA93 /* Pods-Phoenix-PhoenixTests.release.xcconfig */,
				5C553B989DFA4219B17ED2C7 /* Pods-PhoenixTests.debug.xcconfig */,
				B80FA4FC93E11C15A4138E83 /* Pods-PhoenixTests.release.xcconfig */,
			);
			name = Pods;
			sourceTree = "<group>";
		};
		5CD7D372DD54EBFFE238A55E /* Frameworks */ = {
			isa = PBXGroup;
			children = (
				4A40D8C3D9A325766A77DEF7 /* Pods_Phoenix.framework */,
				30F6748F325CCAA5A79CD2E3 /* Pods_Phoenix_PhoenixTests.framework */,
				A697B409F2775FAB3BC34A0B /* Pods_PhoenixTests.framework */,
			);
			name = Frameworks;
			sourceTree = "<group>";
		};
		FA2361F51E310E57009E5979 = {
			isa = PBXGroup;
			children = (
				FA2362001E310E58009E5979 /* Phoenix */,
				FA2362151E310E58009E5979 /* PhoenixTests */,
				FA2361FF1E310E58009E5979 /* Products */,
				32DFBC8172ACA759E7FE61F1 /* Pods */,
				5CD7D372DD54EBFFE238A55E /* Frameworks */,
			);
			sourceTree = "<group>";
		};
		FA2361FF1E310E58009E5979 /* Products */ = {
			isa = PBXGroup;
			children = (
				FA2361FE1E310E58009E5979 /* Phoenix.app */,
				FA2362121E310E58009E5979 /* PhoenixTests.xctest */,
			);
			name = Products;
			sourceTree = "<group>";
		};
		FA2362001E310E58009E5979 /* Phoenix */ = {
			isa = PBXGroup;
			children = (
				FA2362011E310E58009E5979 /* AppDelegate.swift */,
				FA83D7EB1E627B790040AC15 /* RouteManager.swift */,
				FA83D7ED1E627D920040AC15 /* Keys.swift */,
				FA2362051E310E58009E5979 /* Main.storyboard */,
				FA2362081E310E58009E5979 /* Assets.xcassets */,
				FA23620A1E310E58009E5979 /* LaunchScreen.storyboard */,
				FA23620D1E310E58009E5979 /* Info.plist */,
			);
			path = Phoenix;
			sourceTree = "<group>";
		};
		FA2362151E310E58009E5979 /* PhoenixTests */ = {
			isa = PBXGroup;
			children = (
				FA2362161E310E58009E5979 /* PhoenixTests.swift */,
				FA2362181E310E58009E5979 /* Info.plist */,
			);
			path = PhoenixTests;
			sourceTree = "<group>";
		};
/* End PBXGroup section */

/* Begin PBXNativeTarget section */
		FA2361FD1E310E57009E5979 /* Phoenix */ = {
			isa = PBXNativeTarget;
			buildConfigurationList = FA23621B1E310E58009E5979 /* Build configuration list for PBXNativeTarget "Phoenix" */;
			buildPhases = (
				647877137E83E049819F7FAF /* [CP] Check Pods Manifest.lock */,
				FA2361FA1E310E57009E5979 /* Sources */,
				FA2361FB1E310E57009E5979 /* Frameworks */,
				FA2361FC1E310E57009E5979 /* Resources */,
				B187DC0F599C223912E339B1 /* [CP] Embed Pods Frameworks */,
				8590F65ACDC5C1AB9CFC5EB3 /* [CP] Copy Pods Resources */,
			);
			buildRules = (
			);
			dependencies = (
			);
			name = Phoenix;
			productName = Phoenix;
			productReference = FA2361FE1E310E58009E5979 /* Phoenix.app */;
			productType = "com.apple.product-type.application";
		};
		FA2362111E310E58009E5979 /* PhoenixTests */ = {
			isa = PBXNativeTarget;
			buildConfigurationList = FA23621E1E310E58009E5979 /* Build configuration list for PBXNativeTarget "PhoenixTests" */;
			buildPhases = (
				656E0AE0C4A79461451820B7 /* [CP] Check Pods Manifest.lock */,
				FA23620E1E310E58009E5979 /* Sources */,
				FA23620F1E310E58009E5979 /* Frameworks */,
				FA2362101E310E58009E5979 /* Resources */,
				CD76DFF7DC8B881B17FB3BF7 /* [CP] Embed Pods Frameworks */,
				C97B6BD70658DDF0CC04AB67 /* [CP] Copy Pods Resources */,
			);
			buildRules = (
			);
			dependencies = (
				FA2362141E310E58009E5979 /* PBXTargetDependency */,
			);
			name = PhoenixTests;
			productName = PhoenixTests;
			productReference = FA2362121E310E58009E5979 /* PhoenixTests.xctest */;
			productType = "com.apple.product-type.bundle.unit-test";
		};
/* End PBXNativeTarget section */

/* Begin PBXProject section */
		FA2361F61E310E57009E5979 /* Project object */ = {
			isa = PBXProject;
			attributes = {
				LastSwiftUpdateCheck = 0820;
				LastUpgradeCheck = 0820;
				ORGANIZATIONNAME = "Ross Freeman";
				TargetAttributes = {
					FA2361FD1E310E57009E5979 = {
						CreatedOnToolsVersion = 8.2.1;
						DevelopmentTeam = 247UT9T8WT;
						ProvisioningStyle = Automatic;
					};
					FA2362111E310E58009E5979 = {
						CreatedOnToolsVersion = 8.2.1;
						DevelopmentTeam = 247UT9T8WT;
						ProvisioningStyle = Automatic;
						TestTargetID = FA2361FD1E310E57009E5979;
					};
				};
			};
			buildConfigurationList = FA2361F91E310E57009E5979 /* Build configuration list for PBXProject "Phoenix" */;
			compatibilityVersion = "Xcode 3.2";
			developmentRegion = English;
			hasScannedForEncodings = 0;
			knownRegions = (
				en,
				Base,
			);
			mainGroup = FA2361F51E310E57009E5979;
			productRefGroup = FA2361FF1E310E58009E5979 /* Products */;
			projectDirPath = "";
			projectRoot = "";
			targets = (
				FA2361FD1E310E57009E5979 /* Phoenix */,
				FA2362111E310E58009E5979 /* PhoenixTests */,
			);
		};
/* End PBXProject section */

/* Begin PBXResourcesBuildPhase section */
		FA2361FC1E310E57009E5979 /* Resources */ = {
			isa = PBXResourcesBuildPhase;
			buildActionMask = 2147483647;
			files = (
				FA23620C1E310E58009E5979 /* LaunchScreen.storyboard in Resources */,
				FA2362091E310E58009E5979 /* Assets.xcassets in Resources */,
				FA2362071E310E58009E5979 /* Main.storyboard in Resources */,
			);
			runOnlyForDeploymentPostprocessing = 0;
		};
		FA2362101E310E58009E5979 /* Resources */ = {
			isa = PBXResourcesBuildPhase;
			buildActionMask = 2147483647;
			files = (
			);
			runOnlyForDeploymentPostprocessing = 0;
		};
/* End PBXResourcesBuildPhase section */

/* Begin PBXShellScriptBuildPhase section */
		647877137E83E049819F7FAF /* [CP] Check Pods Manifest.lock */ = {
			isa = PBXShellScriptBuildPhase;
			buildActionMask = 2147483647;
			files = (
			);
			inputPaths = (
			);
			name = "[CP] Check Pods Manifest.lock";
			outputPaths = (
			);
			runOnlyForDeploymentPostprocessing = 0;
			shellPath = /bin/sh;
			shellScript = "diff \"${PODS_ROOT}/../Podfile.lock\" \"${PODS_ROOT}/Manifest.lock\" > /dev/null\nif [ $? != 0 ] ; then\n    # print error to STDERR\n    echo \"error: The sandbox is not in sync with the Podfile.lock. Run 'pod install' or update your CocoaPods installation.\" >&2\n    exit 1\nfi\n";
			showEnvVarsInLog = 0;
		};
		656E0AE0C4A79461451820B7 /* [CP] Check Pods Manifest.lock */ = {
			isa = PBXShellScriptBuildPhase;
			buildActionMask = 2147483647;
			files = (
			);
			inputPaths = (
			);
			name = "[CP] Check Pods Manifest.lock";
			outputPaths = (
			);
			runOnlyForDeploymentPostprocessing = 0;
			shellPath = /bin/sh;
			shellScript = "diff \"${PODS_ROOT}/../Podfile.lock\" \"${PODS_ROOT}/Manifest.lock\" > /dev/null\nif [ $? != 0 ] ; then\n    # print error to STDERR\n    echo \"error: The sandbox is not in sync with the Podfile.lock. Run 'pod install' or update your CocoaPods installation.\" >&2\n    exit 1\nfi\n";
			showEnvVarsInLog = 0;
		};
		8590F65ACDC5C1AB9CFC5EB3 /* [CP] Copy Pods Resources */ = {
			isa = PBXShellScriptBuildPhase;
			buildActionMask = 2147483647;
			files = (
			);
			inputPaths = (
			);
			name = "[CP] Copy Pods Resources";
			outputPaths = (
			);
			runOnlyForDeploymentPostprocessing = 0;
			shellPath = /bin/sh;
			shellScript = "\"${SRCROOT}/Pods/Target Support Files/Pods-Phoenix/Pods-Phoenix-resources.sh\"\n";
			showEnvVarsInLog = 0;
		};
		B187DC0F599C223912E339B1 /* [CP] Embed Pods Frameworks */ = {
			isa = PBXShellScriptBuildPhase;
			buildActionMask = 2147483647;
			files = (
			);
			inputPaths = (
			);
			name = "[CP] Embed Pods Frameworks";
			outputPaths = (
			);
			runOnlyForDeploymentPostprocessing = 0;
			shellPath = /bin/sh;
			shellScript = "\"${SRCROOT}/Pods/Target Support Files/Pods-Phoenix/Pods-Phoenix-frameworks.sh\"\n";
			showEnvVarsInLog = 0;
		};
		C97B6BD70658DDF0CC04AB67 /* [CP] Copy Pods Resources */ = {
			isa = PBXShellScriptBuildPhase;
			buildActionMask = 2147483647;
			files = (
			);
			inputPaths = (
			);
			name = "[CP] Copy Pods Resources";
			outputPaths = (
			);
			runOnlyForDeploymentPostprocessing = 0;
			shellPath = /bin/sh;
			shellScript = "\"${SRCROOT}/Pods/Target Support Files/Pods-PhoenixTests/Pods-PhoenixTests-resources.sh\"\n";
			showEnvVarsInLog = 0;
		};
		CD76DFF7DC8B881B17FB3BF7 /* [CP] Embed Pods Frameworks */ = {
			isa = PBXShellScriptBuildPhase;
			buildActionMask = 2147483647;
			files = (
			);
			inputPaths = (
			);
			name = "[CP] Embed Pods Frameworks";
			outputPaths = (
			);
			runOnlyForDeploymentPostprocessing = 0;
			shellPath = /bin/sh;
			shellScript = "\"${SRCROOT}/Pods/Target Support Files/Pods-PhoenixTests/Pods-PhoenixTests-frameworks.sh\"\n";
			showEnvVarsInLog = 0;
		};
/* End PBXShellScriptBuildPhase section */

/* Begin PBXSourcesBuildPhase section */
		FA2361FA1E310E57009E5979 /* Sources */ = {
			isa = PBXSourcesBuildPhase;
			buildActionMask = 2147483647;
			files = (
				FA2362021E310E58009E5979 /* AppDelegate.swift in Sources */,
				FA83D7EE1E627D920040AC15 /* Keys.swift in Sources */,
				FA83D7EC1E627B790040AC15 /* RouteManager.swift in Sources */,
			);
			runOnlyForDeploymentPostprocessing = 0;
		};
		FA23620E1E310E58009E5979 /* Sources */ = {
			isa = PBXSourcesBuildPhase;
			buildActionMask = 2147483647;
			files = (
				FA2362171E310E58009E5979 /* PhoenixTests.swift in Sources */,
			);
			runOnlyForDeploymentPostprocessing = 0;
		};
/* End PBXSourcesBuildPhase section */

/* Begin PBXTargetDependency section */
		FA2362141E310E58009E5979 /* PBXTargetDependency */ = {
			isa = PBXTargetDependency;
			target = FA2361FD1E310E57009E5979 /* Phoenix */;
			targetProxy = FA2362131E310E58009E5979 /* PBXContainerItemProxy */;
		};
/* End PBXTargetDependency section */

/* Begin PBXVariantGroup section */
		FA2362051E310E58009E5979 /* Main.storyboard */ = {
			isa = PBXVariantGroup;
			children = (
				FA2362061E310E58009E5979 /* Base */,
			);
			name = Main.storyboard;
			sourceTree = "<group>";
		};
		FA23620A1E310E58009E5979 /* LaunchScreen.storyboard */ = {
			isa = PBXVariantGroup;
			children = (
				FA23620B1E310E58009E5979 /* Base */,
			);
			name = LaunchScreen.storyboard;
			sourceTree = "<group>";
		};
/* End PBXVariantGroup section */

/* Begin XCBuildConfiguration section */
		FA2362191E310E58009E5979 /* Debug */ = {
			isa = XCBuildConfiguration;
			buildSettings = {
				ALWAYS_SEARCH_USER_PATHS = NO;
				CLANG_ANALYZER_NONNULL = YES;
				CLANG_CXX_LANGUAGE_STANDARD = "gnu++0x";
				CLANG_CXX_LIBRARY = "libc++";
				CLANG_ENABLE_MODULES = YES;
				CLANG_ENABLE_OBJC_ARC = YES;
				CLANG_WARN_BOOL_CONVERSION = YES;
				CLANG_WARN_CONSTANT_CONVERSION = YES;
				CLANG_WARN_DIRECT_OBJC_ISA_USAGE = YES_ERROR;
				CLANG_WARN_DOCUMENTATION_COMMENTS = YES;
				CLANG_WARN_EMPTY_BODY = YES;
				CLANG_WARN_ENUM_CONVERSION = YES;
				CLANG_WARN_INFINITE_RECURSION = YES;
				CLANG_WARN_INT_CONVERSION = YES;
				CLANG_WARN_OBJC_ROOT_CLASS = YES_ERROR;
				CLANG_WARN_SUSPICIOUS_MOVE = YES;
				CLANG_WARN_UNREACHABLE_CODE = YES;
				CLANG_WARN__DUPLICATE_METHOD_MATCH = YES;
				"CODE_SIGN_IDENTITY[sdk=iphoneos*]" = "iPhone Developer";
				COPY_PHASE_STRIP = NO;
				DEBUG_INFORMATION_FORMAT = dwarf;
				ENABLE_STRICT_OBJC_MSGSEND = YES;
				ENABLE_TESTABILITY = YES;
				GCC_C_LANGUAGE_STANDARD = gnu99;
				GCC_DYNAMIC_NO_PIC = NO;
				GCC_NO_COMMON_BLOCKS = YES;
				GCC_OPTIMIZATION_LEVEL = 0;
				GCC_PREPROCESSOR_DEFINITIONS = (
					"DEBUG=1",
					"$(inherited)",
				);
				GCC_WARN_64_TO_32_BIT_CONVERSION = YES;
				GCC_WARN_ABOUT_RETURN_TYPE = YES_ERROR;
				GCC_WARN_UNDECLARED_SELECTOR = YES;
				GCC_WARN_UNINITIALIZED_AUTOS = YES_AGGRESSIVE;
				GCC_WARN_UNUSED_FUNCTION = YES;
				GCC_WARN_UNUSED_VARIABLE = YES;
				IPHONEOS_DEPLOYMENT_TARGET = 10.2;
				MTL_ENABLE_DEBUG_INFO = YES;
				ONLY_ACTIVE_ARCH = YES;
				SDKROOT = iphoneos;
				SWIFT_ACTIVE_COMPILATION_CONDITIONS = DEBUG;
				SWIFT_OPTIMIZATION_LEVEL = "-Onone";
			};
			name = Debug;
		};
		FA23621A1E310E58009E5979 /* Release */ = {
			isa = XCBuildConfiguration;
			buildSettings = {
				ALWAYS_SEARCH_USER_PATHS = NO;
				CLANG_ANALYZER_NONNULL = YES;
				CLANG_CXX_LANGUAGE_STANDARD = "gnu++0x";
				CLANG_CXX_LIBRARY = "libc++";
				CLANG_ENABLE_MODULES = YES;
				CLANG_ENABLE_OBJC_ARC = YES;
				CLANG_WARN_BOOL_CONVERSION = YES;
				CLANG_WARN_CONSTANT_CONVERSION = YES;
				CLANG_WARN_DIRECT_OBJC_ISA_USAGE = YES_ERROR;
				CLANG_WARN_DOCUMENTATION_COMMENTS = YES;
				CLANG_WARN_EMPTY_BODY = YES;
				CLANG_WARN_ENUM_CONVERSION = YES;
				CLANG_WARN_INFINITE_RECURSION = YES;
				CLANG_WARN_INT_CONVERSION = YES;
				CLANG_WARN_OBJC_ROOT_CLASS = YES_ERROR;
				CLANG_WARN_SUSPICIOUS_MOVE = YES;
				CLANG_WARN_UNREACHABLE_CODE = YES;
				CLANG_WARN__DUPLICATE_METHOD_MATCH = YES;
				"CODE_SIGN_IDENTITY[sdk=iphoneos*]" = "iPhone Developer";
				COPY_PHASE_STRIP = NO;
				DEBUG_INFORMATION_FORMAT = "dwarf-with-dsym";
				ENABLE_NS_ASSERTIONS = NO;
				ENABLE_STRICT_OBJC_MSGSEND = YES;
				GCC_C_LANGUAGE_STANDARD = gnu99;
				GCC_NO_COMMON_BLOCKS = YES;
				GCC_WARN_64_TO_32_BIT_CONVERSION = YES;
				GCC_WARN_ABOUT_RETURN_TYPE = YES_ERROR;
				GCC_WARN_UNDECLARED_SELECTOR = YES;
				GCC_WARN_UNINITIALIZED_AUTOS = YES_AGGRESSIVE;
				GCC_WARN_UNUSED_FUNCTION = YES;
				GCC_WARN_UNUSED_VARIABLE = YES;
				IPHONEOS_DEPLOYMENT_TARGET = 10.2;
				MTL_ENABLE_DEBUG_INFO = NO;
				SDKROOT = iphoneos;
				SWIFT_OPTIMIZATION_LEVEL = "-Owholemodule";
				VALIDATE_PRODUCT = YES;
			};
			name = Release;
		};
		FA23621C1E310E58009E5979 /* Debug */ = {
			isa = XCBuildConfiguration;
			baseConfigurationReference = 85AA3295D6806B4B52794AD6 /* Pods-Phoenix.debug.xcconfig */;
			buildSettings = {
				ALWAYS_EMBED_SWIFT_STANDARD_LIBRARIES = "$(inherited)";
				ASSETCATALOG_COMPILER_APPICON_NAME = AppIcon;
				DEVELOPMENT_TEAM = 247UT9T8WT;
				INFOPLIST_FILE = Phoenix/Info.plist;
				LD_RUNPATH_SEARCH_PATHS = "$(inherited) @executable_path/Frameworks";
				PRODUCT_BUNDLE_IDENTIFIER = com.rossfreeman.Phoenix;
				PRODUCT_NAME = "$(TARGET_NAME)";
				SWIFT_VERSION = 3.0;
			};
			name = Debug;
		};
		FA23621D1E310E58009E5979 /* Release */ = {
			isa = XCBuildConfiguration;
			baseConfigurationReference = 8CDBDA4770CDCF445B045810 /* Pods-Phoenix.release.xcconfig */;
			buildSettings = {
				ALWAYS_EMBED_SWIFT_STANDARD_LIBRARIES = "$(inherited)";
				ASSETCATALOG_COMPILER_APPICON_NAME = AppIcon;
				DEVELOPMENT_TEAM = 247UT9T8WT;
				INFOPLIST_FILE = Phoenix/Info.plist;
				LD_RUNPATH_SEARCH_PATHS = "$(inherited) @executable_path/Frameworks";
				PRODUCT_BUNDLE_IDENTIFIER = com.rossfreeman.Phoenix;
				PRODUCT_NAME = "$(TARGET_NAME)";
				SWIFT_VERSION = 3.0;
			};
			name = Release;
		};
		FA23621F1E310E58009E5979 /* Debug */ = {
			isa = XCBuildConfiguration;
			baseConfigurationReference = 5C553B989DFA4219B17ED2C7 /* Pods-PhoenixTests.debug.xcconfig */;
			buildSettings = {
				ALWAYS_EMBED_SWIFT_STANDARD_LIBRARIES = "$(inherited)";
				BUNDLE_LOADER = "$(TEST_HOST)";
				DEVELOPMENT_TEAM = 247UT9T8WT;
				INFOPLIST_FILE = PhoenixTests/Info.plist;
				LD_RUNPATH_SEARCH_PATHS = "$(inherited) @executable_path/Frameworks @loader_path/Frameworks";
				PRODUCT_BUNDLE_IDENTIFIER = com.rossfreeman.PhoenixTests;
				PRODUCT_NAME = "$(TARGET_NAME)";
				SWIFT_VERSION = 3.0;
				TEST_HOST = "$(BUILT_PRODUCTS_DIR)/Phoenix.app/Phoenix";
			};
			name = Debug;
		};
		FA2362201E310E58009E5979 /* Release */ = {
			isa = XCBuildConfiguration;
			baseConfigurationReference = B80FA4FC93E11C15A4138E83 /* Pods-PhoenixTests.release.xcconfig */;
			buildSettings = {
				ALWAYS_EMBED_SWIFT_STANDARD_LIBRARIES = "$(inherited)";
				BUNDLE_LOADER = "$(TEST_HOST)";
				DEVELOPMENT_TEAM = 247UT9T8WT;
				INFOPLIST_FILE = PhoenixTests/Info.plist;
				LD_RUNPATH_SEARCH_PATHS = "$(inherited) @executable_path/Frameworks @loader_path/Frameworks";
				PRODUCT_BUNDLE_IDENTIFIER = com.rossfreeman.PhoenixTests;
				PRODUCT_NAME = "$(TARGET_NAME)";
				SWIFT_VERSION = 3.0;
				TEST_HOST = "$(BUILT_PRODUCTS_DIR)/Phoenix.app/Phoenix";
			};
			name = Release;
		};
/* End XCBuildConfiguration section */

/* Begin XCConfigurationList section */
		FA2361F91E310E57009E5979 /* Build configuration list for PBXProject "Phoenix" */ = {
			isa = XCConfigurationList;
			buildConfigurations = (
				FA2362191E310E58009E5979 /* Debug */,
				FA23621A1E310E58009E5979 /* Release */,
			);
			defaultConfigurationIsVisible = 0;
			defaultConfigurationName = Release;
		};
		FA23621B1E310E58009E5979 /* Build configuration list for PBXNativeTarget "Phoenix" */ = {
			isa = XCConfigurationList;
			buildConfigurations = (
				FA23621C1E310E58009E5979 /* Debug */,
				FA23621D1E310E58009E5979 /* Release */,
			);
			defaultConfigurationIsVisible = 0;
			defaultConfigurationName = Release;
		};
		FA23621E1E310E58009E5979 /* Build configuration list for PBXNativeTarget "PhoenixTests" */ = {
			isa = XCConfigurationList;
			buildConfigurations = (
				FA23621F1E310E58009E5979 /* Debug */,
				FA2362201E310E58009E5979 /* Release */,
			);
			defaultConfigurationIsVisible = 0;
			defaultConfigurationName = Release;
		};
/* End XCConfigurationList section */
	};
	rootObject = FA2361F61E310E57009E5979 /* Project object */;
}
